
Microsoft Visual Studio Solution File, Format Version 12.00
# Visual Studio Version 17
VisualStudioVersion = 17.2.32630.192
MinimumVisualStudioVersion = 10.0.40219.1
Project("{FAE04EC0-301F-11D3-BF4B-00C04F79EFBC}") = "Test-sql-and-ef-queries-performance", "Test-sql-and-ef-queries-performance\Test-sql-and-ef-queries-performance.csproj", "{FAF1FE9A-380C-4A17-A15D-30A38C6BCDE1}"
EndProject
Global
	GlobalSection(SolutionConfigurationPlatforms) = preSolution
		Debug|Any CPU = Debug|Any CPU
		Release|Any CPU = Release|Any CPU
	EndGlobalSection
	GlobalSection(ProjectConfigurationPlatforms) = postSolution
		{FAF1FE9A-380C-4A17-A15D-30A38C6BCDE1}.Debug|Any CPU.ActiveCfg = Debug|Any CPU
		{FAF1FE9A-380C-4A17-A15D-30A38C6BCDE1}.Debug|Any CPU.Build.0 = Debug|Any CPU
		{FAF1FE9A-380C-4A17-A15D-30A38C6BCDE1}.Release|Any CPU.ActiveCfg = Release|Any CPU
		{FAF1FE9A-380C-4A17-A15D-30A38C6BCDE1}.Release|Any CPU.Build.0 = Release|Any CPU
	EndGlobalSection
	GlobalSection(SolutionProperties) = preSolution
		HideSolutionNode = FALSE
	EndGlobalSection
	GlobalSection(ExtensibilityGlobals) = postSolution
		SolutionGuid = {7D1CAB26-C973-428F-8105-1E715E04939C}
	EndGlobalSection
EndGlobal
